schema: '2.0'
stages:
  train:
    cmd: python source/train.py
    deps:
    - path: data/processed/
      hash: md5
      md5: b9f5729a60f0bc8ac974abc2b7ed71e0.dir
      size: 4652172156
      nfiles: 8
    - path: source/model.py
      hash: md5
      md5: d91e7c10a4dc8b73c9c4f3b27f6ead93
      size: 2885
    - path: source/preprocess.py
      hash: md5
      md5: 9dc6529759097949c5993737957b2136
      size: 2567
    - path: source/train.py
      hash: md5
      md5: 39a4a4f55dd4a7cabbb9d03057183a1a
      size: 5417
    params:
      params.yaml:
        general.random_seed: 42
        train.epochs: 5
        train.learning_rate: 0.0005
    outs:
    - path: models
      hash: md5
      md5: 5bd717e039c31090a659c2b5d10842a5.dir
      size: 1041858
      nfiles: 1
