schema: '2.0'
stages:
  train:
    cmd: python source/train.py
    deps:
    - path: data/processed/
      hash: md5
      md5: b9f5729a60f0bc8ac974abc2b7ed71e0.dir
      size: 4652172156
      nfiles: 8
    - path: source/model.py
      hash: md5
      md5: ccc519405c4b287da7101cd34eabe35a
      size: 3120
    - path: source/preprocess.py
      hash: md5
      md5: 9724f92a085a646c2b1052598ce3bec2
      size: 4298
    - path: source/train.py
      hash: md5
      md5: d4a80a8c5c7e3db7c954b5a5d02b8cea
      size: 2986
    params:
      params.yaml:
        general.random_seed: 42
        train.epochs: 5
        train.learning_rate: 0.0005
    outs:
    - path: models
      hash: md5
      md5: d8a29ebf16913cf884b8adccdedc9949.dir
      size: 3188665
      nfiles: 1
